
Microsoft Visual Studio Solution File, Format Version 12.00
# Visual Studio Version 17
VisualStudioVersion = 17.0.31903.59
MinimumVisualStudioVersion = 10.0.40219.1
Project("{2150E333-8FDC-42A3-9474-1A3956D46DE8}") = "src", "src", "{94D29BCD-653C-4D76-B2AF-46356CA3073E}"
EndProject
Project("{9A19103F-16F7-4668-BE54-9A1E7A4F7556}") = "Stalewall-Win10", "src\Stalewall-Win10\Stalewall-Win10.csproj", "{D13E88CB-DF7A-4E85-9BDD-9DA61573C3F9}"
EndProject
Project("{9A19103F-16F7-4668-BE54-9A1E7A4F7556}") = "StalewallLib", "src\StalewallLib\StalewallLib.csproj", "{79F836F3-30B3-4F5E-98AE-B2CFDC8A6C7B}"
EndProject
Global
	GlobalSection(SolutionConfigurationPlatforms) = preSolution
		Debug|Any CPU = Debug|Any CPU
		Release|Any CPU = Release|Any CPU
	EndGlobalSection
	GlobalSection(ProjectConfigurationPlatforms) = postSolution
		{D13E88CB-DF7A-4E85-9BDD-9DA61573C3F9}.Debug|Any CPU.ActiveCfg = Debug|Any CPU
		{D13E88CB-DF7A-4E85-9BDD-9DA61573C3F9}.Debug|Any CPU.Build.0 = Debug|Any CPU
		{D13E88CB-DF7A-4E85-9BDD-9DA61573C3F9}.Release|Any CPU.ActiveCfg = Release|Any CPU
		{D13E88CB-DF7A-4E85-9BDD-9DA61573C3F9}.Release|Any CPU.Build.0 = Release|Any CPU
		{79F836F3-30B3-4F5E-98AE-B2CFDC8A6C7B}.Debug|Any CPU.ActiveCfg = Debug|Any CPU
		{79F836F3-30B3-4F5E-98AE-B2CFDC8A6C7B}.Debug|Any CPU.Build.0 = Debug|Any CPU
		{79F836F3-30B3-4F5E-98AE-B2CFDC8A6C7B}.Release|Any CPU.ActiveCfg = Release|Any CPU
		{79F836F3-30B3-4F5E-98AE-B2CFDC8A6C7B}.Release|Any CPU.Build.0 = Release|Any CPU
	EndGlobalSection
	GlobalSection(SolutionProperties) = preSolution
		HideSolutionNode = FALSE
	EndGlobalSection
	GlobalSection(NestedProjects) = preSolution
		{D13E88CB-DF7A-4E85-9BDD-9DA61573C3F9} = {94D29BCD-653C-4D76-B2AF-46356CA3073E}
		{79F836F3-30B3-4F5E-98AE-B2CFDC8A6C7B} = {94D29BCD-653C-4D76-B2AF-46356CA3073E}
	EndGlobalSection
	GlobalSection(ExtensibilityGlobals) = postSolution
		SolutionGuid = {3A889DE5-A70A-49E7-8FA1-2C46807DD47E}
	EndGlobalSection
EndGlobal
